// !$*UTF8*$!
{
	archiveVersion = 1;
	classes = {
	};
	objectVersion = 56;
	objects = {

/* Begin PBXBuildFile section */
		D886861728ECD6C900A9A033 /* PhotosPicker_SwiftUIApp.swift in Sources */ = {isa = PBXBuildFile; fileRef = D886861628ECD6C900A9A033 /* PhotosPicker_SwiftUIApp.swift */; };
		D886861928ECD6C900A9A033 /* ContentView.swift in Sources */ = {isa = PBXBuildFile; fileRef = D886861828ECD6C900A9A033 /* ContentView.swift */; };
		D886861B28ECD6CB00A9A033 /* Assets.xcassets in Resources */ = {isa = PBXBuildFile; fileRef = D886861A28ECD6CB00A9A033 /* Assets.xcassets */; };
		D886861E28ECD6CB00A9A033 /* Preview Assets.xcassets in Resources */ = {isa = PBXBuildFile; fileRef = D886861D28ECD6CB00A9A033 /* Preview Assets.xcassets */; };
		D886862828ECD6CB00A9A033 /* PhotosPicker_SwiftUITests.swift in Sources */ = {isa = PBXBuildFile; fileRef = D886862728ECD6CB00A9A033 /* PhotosPicker_SwiftUITests.swift */; };
		D886863228ECD6CB00A9A033 /* PhotosPicker_SwiftUIUITests.swift in Sources */ = {isa = PBXBuildFile; fileRef = D886863128ECD6CB00A9A033 /* PhotosPicker_SwiftUIUITests.swift */; };
		D886863428ECD6CB00A9A033 /* PhotosPicker_SwiftUIUITestsLaunchTests.swift in Sources */ = {isa = PBXBuildFile; fileRef = D886863328ECD6CB00A9A033 /* PhotosPicker_SwiftUIUITestsLaunchTests.swift */; };
/* End PBXBuildFile section */

/* Begin PBXContainerItemProxy section */
		D886862428ECD6CB00A9A033 /* PBXContainerItemProxy */ = {
			isa = PBXContainerItemProxy;
			containerPortal = D886860B28ECD6C800A9A033 /* Project object */;
			proxyType = 1;
			remoteGlobalIDString = D886861228ECD6C800A9A033;
			remoteInfo = PhotosPicker_SwiftUI;
		};
		D886862E28ECD6CB00A9A033 /* PBXContainerItemProxy */ = {
			isa = PBXContainerItemProxy;
			containerPortal = D886860B28ECD6C800A9A033 /* Project object */;
			proxyType = 1;
			remoteGlobalIDString = D886861228ECD6C800A9A033;
			remoteInfo = PhotosPicker_SwiftUI;
		};
/* End PBXContainerItemProxy section */

/* Begin PBXFileReference section */
		D886861328ECD6C900A9A033 /* PhotosPicker_SwiftUI.app */ = {isa = PBXFileReference; explicitFileType = wrapper.application; includeInIndex = 0; path = PhotosPicker_SwiftUI.app; sourceTree = BUILT_PRODUCTS_DIR; };
		D886861628ECD6C900A9A033 /* PhotosPicker_SwiftUIApp.swift */ = {isa = PBXFileReference; lastKnownFileType = sourcecode.swift; path = PhotosPicker_SwiftUIApp.swift; sourceTree = "<group>"; };
		D886861828ECD6C900A9A033 /* ContentView.swift */ = {isa = PBXFileReference; lastKnownFileType = sourcecode.swift; path = ContentView.swift; sourceTree = "<group>"; };
		D886861A28ECD6CB00A9A033 /* Assets.xcassets */ = {isa = PBXFileReference; lastKnownFileType = folder.assetcatalog; path = Assets.xcassets; sourceTree = "<group>"; };
		D886861D28ECD6CB00A9A033 /* Preview Assets.xcassets */ = {isa = PBXFileReference; lastKnownFileType = folder.assetcatalog; path = "Preview Assets.xcassets"; sourceTree = "<group>"; };
		D886862328ECD6CB00A9A033 /* PhotosPicker_SwiftUITests.xctest */ = {isa = PBXFileReference; explicitFileType = wrapper.cfbundle; includeInIndex = 0; path = PhotosPicker_SwiftUITests.xctest; sourceTree = BUILT_PRODUCTS_DIR; };
		D886862728ECD6CB00A9A033 /* PhotosPicker_SwiftUITests.swift */ = {isa = PBXFileReference; lastKnownFileType = sourcecode.swift; path = PhotosPicker_SwiftUITests.swift; sourceTree = "<group>"; };
		D886862D28ECD6CB00A9A033 /* PhotosPicker_SwiftUIUITests.xctest */ = {isa = PBXFileReference; explicitFileType = wrapper.cfbundle; includeInIndex = 0; path = PhotosPicker_SwiftUIUITests.xctest; sourceTree = BUILT_PRODUCTS_DIR; };
		D886863128ECD6CB00A9A033 /* PhotosPicker_SwiftUIUITests.swift */ = {isa = PBXFileReference; lastKnownFileType = sourcecode.swift; path = PhotosPicker_SwiftUIUITests.swift; sourceTree = "<group>"; };
		D886863328ECD6CB00A9A033 /* PhotosPicker_SwiftUIUITestsLaunchTests.swift */ = {isa = PBXFileReference; lastKnownFileType = sourcecode.swift; path = PhotosPicker_SwiftUIUITestsLaunchTests.swift; sourceTree = "<group>"; };
/* End PBXFileReference section */

/* Begin PBXFrameworksBuildPhase section */
		D886861028ECD6C800A9A033 /* Frameworks */ = {
			isa = PBXFrameworksBuildPhase;
			buildActionMask = 2147483647;
			files = (
			);
			runOnlyForDeploymentPostprocessing = 0;
		};
		D886862028ECD6CB00A9A033 /* Frameworks */ = {
			isa = PBXFrameworksBuildPhase;
			buildActionMask = 2147483647;
			files = (
			);
			runOnlyForDeploymentPostprocessing = 0;
		};
		D886862A28ECD6CB00A9A033 /* Frameworks */ = {
			isa = PBXFrameworksBuildPhase;
			buildActionMask = 2147483647;
			files = (
			);
			runOnlyForDeploymentPostprocessing = 0;
		};
/* End PBXFrameworksBuildPhase section */

/* Begin PBXGroup section */
		D886860A28ECD6C800A9A033 = {
			isa = PBXGroup;
			children = (
				D886861528ECD6C900A9A033 /* PhotosPicker_SwiftUI */,
				D886862628ECD6CB00A9A033 /* PhotosPicker_SwiftUITests */,
				D886863028ECD6CB00A9A033 /* PhotosPicker_SwiftUIUITests */,
				D886861428ECD6C900A9A033 /* Products */,
			);
			sourceTree = "<group>";
		};
		D886861428ECD6C900A9A033 /* Products */ = {
			isa = PBXGroup;
			children = (
				D886861328ECD6C900A9A033 /* PhotosPicker_SwiftUI.app */,
				D886862328ECD6CB00A9A033 /* PhotosPicker_SwiftUITests.xctest */,
				D886862D28ECD6CB00A9A033 /* PhotosPicker_SwiftUIUITests.xctest */,
			);
			name = Products;
			sourceTree = "<group>";
		};
		D886861528ECD6C900A9A033 /* PhotosPicker_SwiftUI */ = {
			isa = PBXGroup;
			children = (
				D886861628ECD6C900A9A033 /* PhotosPicker_SwiftUIApp.swift */,
				D886861828ECD6C900A9A033 /* ContentView.swift */,
				D886861A28ECD6CB00A9A033 /* Assets.xcassets */,
				D886861C28ECD6CB00A9A033 /* Preview Content */,
			);
			path = PhotosPicker_SwiftUI;
			sourceTree = "<group>";
		};
		D886861C28ECD6CB00A9A033 /* Preview Content */ = {
			isa = PBXGroup;
			children = (
				D886861D28ECD6CB00A9A033 /* Preview Assets.xcassets */,
			);
			path = "Preview Content";
			sourceTree = "<group>";
		};
		D886862628ECD6CB00A9A033 /* PhotosPicker_SwiftUITests */ = {
			isa = PBXGroup;
			children = (
				D886862728ECD6CB00A9A033 /* PhotosPicker_SwiftUITests.swift */,
			);
			path = PhotosPicker_SwiftUITests;
			sourceTree = "<group>";
		};
		D886863028ECD6CB00A9A033 /* PhotosPicker_SwiftUIUITests */ = {
			isa = PBXGroup;
			children = (
				D886863128ECD6CB00A9A033 /* PhotosPicker_SwiftUIUITests.swift */,
				D886863328ECD6CB00A9A033 /* PhotosPicker_SwiftUIUITestsLaunchTests.swift */,
			);
			path = PhotosPicker_SwiftUIUITests;
			sourceTree = "<group>";
		};
/* End PBXGroup section */

/* Begin PBXNativeTarget section */
		D886861228ECD6C800A9A033 /* PhotosPicker_SwiftUI */ = {
			isa = PBXNativeTarget;
			buildConfigurationList = D886863728ECD6CB00A9A033 /* Build configuration list for PBXNativeTarget "PhotosPicker_SwiftUI" */;
			buildPhases = (
				D886860F28ECD6C800A9A033 /* Sources */,
				D886861028ECD6C800A9A033 /* Frameworks */,
				D886861128ECD6C800A9A033 /* Resources */,
			);
			buildRules = (
			);
			dependencies = (
			);
			name = PhotosPicker_SwiftUI;
			productName = PhotosPicker_SwiftUI;
			productReference = D886861328ECD6C900A9A033 /* PhotosPicker_SwiftUI.app */;
			productType = "com.apple.product-type.application";
		};
		D886862228ECD6CB00A9A033 /* PhotosPicker_SwiftUITests */ = {
			isa = PBXNativeTarget;
			buildConfigurationList = D886863A28ECD6CB00A9A033 /* Build configuration list for PBXNativeTarget "PhotosPicker_SwiftUITests" */;
			buildPhases = (
				D886861F28ECD6CB00A9A033 /* Sources */,
				D886862028ECD6CB00A9A033 /* Frameworks */,
				D886862128ECD6CB00A9A033 /* Resources */,
			);
			buildRules = (
			);
			dependencies = (
				D886862528ECD6CB00A9A033 /* PBXTargetDependency */,
			);
			name = PhotosPicker_SwiftUITests;
			productName = PhotosPicker_SwiftUITests;
			productReference = D886862328ECD6CB00A9A033 /* PhotosPicker_SwiftUITests.xctest */;
			productType = "com.apple.product-type.bundle.unit-test";
		};
		D886862C28ECD6CB00A9A033 /* PhotosPicker_SwiftUIUITests */ = {
			isa = PBXNativeTarget;
			buildConfigurationList = D886863D28ECD6CB00A9A033 /* Build configuration list for PBXNativeTarget "PhotosPicker_SwiftUIUITests" */;
			buildPhases = (
				D886862928ECD6CB00A9A033 /* Sources */,
				D886862A28ECD6CB00A9A033 /* Frameworks */,
				D886862B28ECD6CB00A9A033 /* Resources */,
			);
			buildRules = (
			);
			dependencies = (
				D886862F28ECD6CB00A9A033 /* PBXTargetDependency */,
			);
			name = PhotosPicker_SwiftUIUITests;
			productName = PhotosPicker_SwiftUIUITests;
			productReference = D886862D28ECD6CB00A9A033 /* PhotosPicker_SwiftUIUITests.xctest */;
			productType = "com.apple.product-type.bundle.ui-testing";
		};
/* End PBXNativeTarget section */

/* Begin PBXProject section */
		D886860B28ECD6C800A9A033 /* Project object */ = {
			isa = PBXProject;
			attributes = {
				BuildIndependentTargetsInParallel = 1;
				LastSwiftUpdateCheck = 1400;
				LastUpgradeCheck = 1400;
				TargetAttributes = {
					D886861228ECD6C800A9A033 = {
						CreatedOnToolsVersion = 14.0.1;
					};
					D886862228ECD6CB00A9A033 = {
						CreatedOnToolsVersion = 14.0.1;
						TestTargetID = D886861228ECD6C800A9A033;
					};
					D886862C28ECD6CB00A9A033 = {
						CreatedOnToolsVersion = 14.0.1;
						TestTargetID = D886861228ECD6C800A9A033;
					};
				};
			};
			buildConfigurationList = D886860E28ECD6C800A9A033 /* Build configuration list for PBXProject "PhotosPicker_SwiftUI" */;
			compatibilityVersion = "Xcode 14.0";
			developmentRegion = en;
			hasScannedForEncodings = 0;
			knownRegions = (
				en,
				Base,
			);
			mainGroup = D886860A28ECD6C800A9A033;
			productRefGroup = D886861428ECD6C900A9A033 /* Products */;
			projectDirPath = "";
			projectRoot = "";
			targets = (
				D886861228ECD6C800A9A033 /* PhotosPicker_SwiftUI */,
				D886862228ECD6CB00A9A033 /* PhotosPicker_SwiftUITests */,
				D886862C28ECD6CB00A9A033 /* PhotosPicker_SwiftUIUITests */,
			);
		};
/* End PBXProject section */

/* Begin PBXResourcesBuildPhase section */
		D886861128ECD6C800A9A033 /* Resources */ = {
			isa = PBXResourcesBuildPhase;
			buildActionMask = 2147483647;
			files = (
				D886861E28ECD6CB00A9A033 /* Preview Assets.xcassets in Resources */,
				D886861B28ECD6CB00A9A033 /* Assets.xcassets in Resources */,
			);
			runOnlyForDeploymentPostprocessing = 0;
		};
		D886862128ECD6CB00A9A033 /* Resources */ = {
			isa = PBXResourcesBuildPhase;
			buildActionMask = 2147483647;
			files = (
			);
			runOnlyForDeploymentPostprocessing = 0;
		};
		D886862B28ECD6CB00A9A033 /* Resources */ = {
			isa = PBXResourcesBuildPhase;
			buildActionMask = 2147483647;
			files = (
			);
			runOnlyForDeploymentPostprocessing = 0;
		};
/* End PBXResourcesBuildPhase section */

/* Begin PBXSourcesBuildPhase section */
		D886860F28ECD6C800A9A033 /* Sources */ = {
			isa = PBXSourcesBuildPhase;
			buildActionMask = 2147483647;
			files = (
				D886861928ECD6C900A9A033 /* ContentView.swift in Sources */,
				D886861728ECD6C900A9A033 /* PhotosPicker_SwiftUIApp.swift in Sources */,
			);
			runOnlyForDeploymentPostprocessing = 0;
		};
		D886861F28ECD6CB00A9A033 /* Sources */ = {
			isa = PBXSourcesBuildPhase;
			buildActionMask = 2147483647;
			files = (
				D886862828ECD6CB00A9A033 /* PhotosPicker_SwiftUITests.swift in Sources */,
			);
			runOnlyForDeploymentPostprocessing = 0;
		};
		D886862928ECD6CB00A9A033 /* Sources */ = {
			isa = PBXSourcesBuildPhase;
			buildActionMask = 2147483647;
			files = (
				D886863228ECD6CB00A9A033 /* PhotosPicker_SwiftUIUITests.swift in Sources */,
				D886863428ECD6CB00A9A033 /* PhotosPicker_SwiftUIUITestsLaunchTests.swift in Sources */,
			);
			runOnlyForDeploymentPostprocessing = 0;
		};
/* End PBXSourcesBuildPhase section */

/* Begin PBXTargetDependency section */
		D886862528ECD6CB00A9A033 /* PBXTargetDependency */ = {
			isa = PBXTargetDependency;
			target = D886861228ECD6C800A9A033 /* PhotosPicker_SwiftUI */;
			targetProxy = D886862428ECD6CB00A9A033 /* PBXContainerItemProxy */;
		};
		D886862F28ECD6CB00A9A033 /* PBXTargetDependency */ = {
			isa = PBXTargetDependency;
			target = D886861228ECD6C800A9A033 /* PhotosPicker_SwiftUI */;
			targetProxy = D886862E28ECD6CB00A9A033 /* PBXContainerItemProxy */;
		};
/* End PBXTargetDependency section */

/* Begin XCBuildConfiguration section */
		D886863528ECD6CB00A9A033 /* Debug */ = {
			isa = XCBuildConfiguration;
			buildSettings = {
				ALWAYS_SEARCH_USER_PATHS = NO;
				CLANG_ANALYZER_NONNULL = YES;
				CLANG_ANALYZER_NUMBER_OBJECT_CONVERSION = YES_AGGRESSIVE;
				CLANG_CXX_LANGUAGE_STANDARD = "gnu++20";
				CLANG_ENABLE_MODULES = YES;
				CLANG_ENABLE_OBJC_ARC = YES;
				CLANG_ENABLE_OBJC_WEAK = YES;
				CLANG_WARN_BLOCK_CAPTURE_AUTORELEASING = YES;
				CLANG_WARN_BOOL_CONVERSION = YES;
				CLANG_WARN_COMMA = YES;
				CLANG_WARN_CONSTANT_CONVERSION = YES;
				CLANG_WARN_DEPRECATED_OBJC_IMPLEMENTATIONS = YES;
				CLANG_WARN_DIRECT_OBJC_ISA_USAGE = YES_ERROR;
				CLANG_WARN_DOCUMENTATION_COMMENTS = YES;
				CLANG_WARN_EMPTY_BODY = YES;
				CLANG_WARN_ENUM_CONVERSION = YES;
				CLANG_WARN_INFINITE_RECURSION = YES;
				CLANG_WARN_INT_CONVERSION = YES;
				CLANG_WARN_NON_LITERAL_NULL_CONVERSION = YES;
				CLANG_WARN_OBJC_IMPLICIT_RETAIN_SELF = YES;
				CLANG_WARN_OBJC_LITERAL_CONVERSION = YES;
				CLANG_WARN_OBJC_ROOT_CLASS = YES_ERROR;
				CLANG_WARN_QUOTED_INCLUDE_IN_FRAMEWORK_HEADER = YES;
				CLANG_WARN_RANGE_LOOP_ANALYSIS = YES;
				CLANG_WARN_STRICT_PROTOTYPES = YES;
				CLANG_WARN_SUSPICIOUS_MOVE = YES;
				CLANG_WARN_UNGUARDED_AVAILABILITY = YES_AGGRESSIVE;
				CLANG_WARN_UNREACHABLE_CODE = YES;
				CLANG_WARN__DUPLICATE_METHOD_MATCH = YES;
				COPY_PHASE_STRIP = NO;
				DEBUG_INFORMATION_FORMAT = dwarf;
				ENABLE_STRICT_OBJC_MSGSEND = YES;
				ENABLE_TESTABILITY = YES;
				GCC_C_LANGUAGE_STANDARD = gnu11;
				GCC_DYNAMIC_NO_PIC = NO;
				GCC_NO_COMMON_BLOCKS = YES;
				GCC_OPTIMIZATION_LEVEL = 0;
				GCC_PREPROCESSOR_DEFINITIONS = (
					"DEBUG=1",
					"$(inherited)",
				);
				GCC_WARN_64_TO_32_BIT_CONVERSION = YES;
				GCC_WARN_ABOUT_RETURN_TYPE = YES_ERROR;
				GCC_WARN_UNDECLARED_SELECTOR = YES;
				GCC_WARN_UNINITIALIZED_AUTOS = YES_AGGRESSIVE;
				GCC_WARN_UNUSED_FUNCTION = YES;
				GCC_WARN_UNUSED_VARIABLE = YES;
				IPHONEOS_DEPLOYMENT_TARGET = 16.0;
				MTL_ENABLE_DEBUG_INFO = INCLUDE_SOURCE;
				MTL_FAST_MATH = YES;
				ONLY_ACTIVE_ARCH = YES;
				SDKROOT = iphoneos;
				SWIFT_ACTIVE_COMPILATION_CONDITIONS = DEBUG;
				SWIFT_OPTIMIZATION_LEVEL = "-Onone";
			};
			name = Debug;
		};
		D886863628ECD6CB00A9A033 /* Release */ = {
			isa = XCBuildConfiguration;
			buildSettings = {
				ALWAYS_SEARCH_USER_PATHS = NO;
				CLANG_ANALYZER_NONNULL = YES;
				CLANG_ANALYZER_NUMBER_OBJECT_CONVERSION = YES_AGGRESSIVE;
				CLANG_CXX_LANGUAGE_STANDARD = "gnu++20";
				CLANG_ENABLE_MODULES = YES;
				CLANG_ENABLE_OBJC_ARC = YES;
				CLANG_ENABLE_OBJC_WEAK = YES;
				CLANG_WARN_BLOCK_CAPTURE_AUTORELEASING = YES;
				CLANG_WARN_BOOL_CONVERSION = YES;
				CLANG_WARN_COMMA = YES;
				CLANG_WARN_CONSTANT_CONVERSION = YES;
				CLANG_WARN_DEPRECATED_OBJC_IMPLEMENTATIONS = YES;
				CLANG_WARN_DIRECT_OBJC_ISA_USAGE = YES_ERROR;
				CLANG_WARN_DOCUMENTATION_COMMENTS = YES;
				CLANG_WARN_EMPTY_BODY = YES;
				CLANG_WARN_ENUM_CONVERSION = YES;
				CLANG_WARN_INFINITE_RECURSION = YES;
				CLANG_WARN_INT_CONVERSION = YES;
				CLANG_WARN_NON_LITERAL_NULL_CONVERSION = YES;
				CLANG_WARN_OBJC_IMPLICIT_RETAIN_SELF = YES;
				CLANG_WARN_OBJC_LITERAL_CONVERSION = YES;
				CLANG_WARN_OBJC_ROOT_CLASS = YES_ERROR;
				CLANG_WARN_QUOTED_INCLUDE_IN_FRAMEWORK_HEADER = YES;
				CLANG_WARN_RANGE_LOOP_ANALYSIS = YES;
				CLANG_WARN_STRICT_PROTOTYPES = YES;
				CLANG_WARN_SUSPICIOUS_MOVE = YES;
				CLANG_WARN_UNGUARDED_AVAILABILITY = YES_AGGRESSIVE;
				CLANG_WARN_UNREACHABLE_CODE = YES;
				CLANG_WARN__DUPLICATE_METHOD_MATCH = YES;
				COPY_PHASE_STRIP = NO;
				DEBUG_INFORMATION_FORMAT = "dwarf-with-dsym";
				ENABLE_NS_ASSERTIONS = NO;
				ENABLE_STRICT_OBJC_MSGSEND = YES;
				GCC_C_LANGUAGE_STANDARD = gnu11;
				GCC_NO_COMMON_BLOCKS = YES;
				GCC_WARN_64_TO_32_BIT_CONVERSION = YES;
				GCC_WARN_ABOUT_RETURN_TYPE = YES_ERROR;
				GCC_WARN_UNDECLARED_SELECTOR = YES;
				GCC_WARN_UNINITIALIZED_AUTOS = YES_AGGRESSIVE;
				GCC_WARN_UNUSED_FUNCTION = YES;
				GCC_WARN_UNUSED_VARIABLE = YES;
				IPHONEOS_DEPLOYMENT_TARGET = 16.0;
				MTL_ENABLE_DEBUG_INFO = NO;
				MTL_FAST_MATH = YES;
				SDKROOT = iphoneos;
				SWIFT_COMPILATION_MODE = wholemodule;
				SWIFT_OPTIMIZATION_LEVEL = "-O";
				VALIDATE_PRODUCT = YES;
			};
			name = Release;
		};
		D886863828ECD6CB00A9A033 /* Debug */ = {
			isa = XCBuildConfiguration;
			buildSettings = {
				ASSETCATALOG_COMPILER_APPICON_NAME = AppIcon;
				ASSETCATALOG_COMPILER_GLOBAL_ACCENT_COLOR_NAME = AccentColor;
				CODE_SIGN_STYLE = Automatic;
				CURRENT_PROJECT_VERSION = 1;
				DEVELOPMENT_ASSET_PATHS = "\"PhotosPicker_SwiftUI/Preview Content\"";
				ENABLE_PREVIEWS = YES;
				GENERATE_INFOPLIST_FILE = YES;
				INFOPLIST_KEY_UIApplicationSceneManifest_Generation = YES;
				INFOPLIST_KEY_UIApplicationSupportsIndirectInputEvents = YES;
				INFOPLIST_KEY_UILaunchScreen_Generation = YES;
				INFOPLIST_KEY_UISupportedInterfaceOrientations_iPad = "UIInterfaceOrientationPortrait UIInterfaceOrientationPortraitUpsideDown UIInterfaceOrientationLandscapeLeft UIInterfaceOrientationLandscapeRight";
				INFOPLIST_KEY_UISupportedInterfaceOrientations_iPhone = "UIInterfaceOrientationPortrait UIInterfaceOrientationLandscapeLeft UIInterfaceOrientationLandscapeRight";
				LD_RUNPATH_SEARCH_PATHS = (
					"$(inherited)",
					"@executable_path/Frameworks",
				);
				MARKETING_VERSION = 1.0;
				PRODUCT_BUNDLE_IDENTIFIER = "com.denizkarahan.PhotosPicker-SwiftUI";
				PRODUCT_NAME = "$(TARGET_NAME)";
				SWIFT_EMIT_LOC_STRINGS = YES;
				SWIFT_VERSION = 5.0;
				TARGETED_DEVICE_FAMILY = "1,2";
			};
			name = Debug;
		};
		D886863928ECD6CB00A9A033 /* Release */ = {
			isa = XCBuildConfiguration;
			buildSettings = {
				ASSETCATALOG_COMPILER_APPICON_NAME = AppIcon;
				ASSETCATALOG_COMPILER_GLOBAL_ACCENT_COLOR_NAME = AccentColor;
				CODE_SIGN_STYLE = Automatic;
				CURRENT_PROJECT_VERSION = 1;
				DEVELOPMENT_ASSET_PATHS = "\"PhotosPicker_SwiftUI/Preview Content\"";
				ENABLE_PREVIEWS = YES;
				GENERATE_INFOPLIST_FILE = YES;
				INFOPLIST_KEY_UIApplicationSceneManifest_Generation = YES;
				INFOPLIST_KEY_UIApplicationSupportsIndirectInputEvents = YES;
				INFOPLIST_KEY_UILaunchScreen_Generation = YES;
				INFOPLIST_KEY_UISupportedInterfaceOrientations_iPad = "UIInterfaceOrientationPortrait UIInterfaceOrientationPortraitUpsideDown UIInterfaceOrientationLandscapeLeft UIInterfaceOrientationLandscapeRight";
				INFOPLIST_KEY_UISupportedInterfaceOrientations_iPhone = "UIInterfaceOrientationPortrait UIInterfaceOrientationLandscapeLeft UIInterfaceOrientationLandscapeRight";
				LD_RUNPATH_SEARCH_PATHS = (
					"$(inherited)",
					"@executable_path/Frameworks",
				);
				MARKETING_VERSION = 1.0;
				PRODUCT_BUNDLE_IDENTIFIER = "com.denizkarahan.PhotosPicker-SwiftUI";
				PRODUCT_NAME = "$(TARGET_NAME)";
				SWIFT_EMIT_LOC_STRINGS = YES;
				SWIFT_VERSION = 5.0;
				TARGETED_DEVICE_FAMILY = "1,2";
			};
			name = Release;
		};
		D886863B28ECD6CB00A9A033 /* Debug */ = {
			isa = XCBuildConfiguration;
			buildSettings = {
				ALWAYS_EMBED_SWIFT_STANDARD_LIBRARIES = YES;
				BUNDLE_LOADER = "$(TEST_HOST)";
				CODE_SIGN_STYLE = Automatic;
				CURRENT_PROJECT_VERSION = 1;
				GENERATE_INFOPLIST_FILE = YES;
				IPHONEOS_DEPLOYMENT_TARGET = 16.0;
				MARKETING_VERSION = 1.0;
				PRODUCT_BUNDLE_IDENTIFIER = "com.denizkarahan.PhotosPicker-SwiftUITests";
				PRODUCT_NAME = "$(TARGET_NAME)";
				SWIFT_EMIT_LOC_STRINGS = NO;
				SWIFT_VERSION = 5.0;
				TARGETED_DEVICE_FAMILY = "1,2";
				TEST_HOST = "$(BUILT_PRODUCTS_DIR)/PhotosPicker_SwiftUI.app/$(BUNDLE_EXECUTABLE_FOLDER_PATH)/PhotosPicker_SwiftUI";
			};
			name = Debug;
		};
		D886863C28ECD6CB00A9A033 /* Release */ = {
			isa = XCBuildConfiguration;
			buildSettings = {
				ALWAYS_EMBED_SWIFT_STANDARD_LIBRARIES = YES;
				BUNDLE_LOADER = "$(TEST_HOST)";
				CODE_SIGN_STYLE = Automatic;
				CURRENT_PROJECT_VERSION = 1;
				GENERATE_INFOPLIST_FILE = YES;
				IPHONEOS_DEPLOYMENT_TARGET = 16.0;
				MARKETING_VERSION = 1.0;
				PRODUCT_BUNDLE_IDENTIFIER = "com.denizkarahan.PhotosPicker-SwiftUITests";
				PRODUCT_NAME = "$(TARGET_NAME)";
				SWIFT_EMIT_LOC_STRINGS = NO;
				SWIFT_VERSION = 5.0;
				TARGETED_DEVICE_FAMILY = "1,2";
				TEST_HOST = "$(BUILT_PRODUCTS_DIR)/PhotosPicker_SwiftUI.app/$(BUNDLE_EXECUTABLE_FOLDER_PATH)/PhotosPicker_SwiftUI";
			};
			name = Release;
		};
		D886863E28ECD6CB00A9A033 /* Debug */ = {
			isa = XCBuildConfiguration;
			buildSettings = {
				ALWAYS_EMBED_SWIFT_STANDARD_LIBRARIES = YES;
				CODE_SIGN_STYLE = Automatic;
				CURRENT_PROJECT_VERSION = 1;
				GENERATE_INFOPLIST_FILE = YES;
				MARKETING_VERSION = 1.0;
				PRODUCT_BUNDLE_IDENTIFIER = "com.denizkarahan.PhotosPicker-SwiftUIUITests";
				PRODUCT_NAME = "$(TARGET_NAME)";
				SWIFT_EMIT_LOC_STRINGS = NO;
				SWIFT_VERSION = 5.0;
				TARGETED_DEVICE_FAMILY = "1,2";
				TEST_TARGET_NAME = PhotosPicker_SwiftUI;
			};
			name = Debug;
		};
		D886863F28ECD6CB00A9A033 /* Release */ = {
			isa = XCBuildConfiguration;
			buildSettings = {
				ALWAYS_EMBED_SWIFT_STANDARD_LIBRARIES = YES;
				CODE_SIGN_STYLE = Automatic;
				CURRENT_PROJECT_VERSION = 1;
				GENERATE_INFOPLIST_FILE = YES;
				MARKETING_VERSION = 1.0;
				PRODUCT_BUNDLE_IDENTIFIER = "com.denizkarahan.PhotosPicker-SwiftUIUITests";
				PRODUCT_NAME = "$(TARGET_NAME)";
				SWIFT_EMIT_LOC_STRINGS = NO;
				SWIFT_VERSION = 5.0;
				TARGETED_DEVICE_FAMILY = "1,2";
				TEST_TARGET_NAME = PhotosPicker_SwiftUI;
			};
			name = Release;
		};
/* End XCBuildConfiguration section */

/* Begin XCConfigurationList section */
		D886860E28ECD6C800A9A033 /* Build configuration list for PBXProject "PhotosPicker_SwiftUI" */ = {
			isa = XCConfigurationList;
			buildConfigurations = (
				D886863528ECD6CB00A9A033 /* Debug */,
				D886863628ECD6CB00A9A033 /* Release */,
			);
			defaultConfigurationIsVisible = 0;
			defaultConfigurationName = Release;
		};
		D886863728ECD6CB00A9A033 /* Build configuration list for PBXNativeTarget "PhotosPicker_SwiftUI" */ = {
			isa = XCConfigurationList;
			buildConfigurations = (
				D886863828ECD6CB00A9A033 /* Debug */,
				D886863928ECD6CB00A9A033 /* Release */,
			);
			defaultConfigurationIsVisible = 0;
			defaultConfigurationName = Release;
		};
		D886863A28ECD6CB00A9A033 /* Build configuration list for PBXNativeTarget "PhotosPicker_SwiftUITests" */ = {
			isa = XCConfigurationList;
			buildConfigurations = (
				D886863B28ECD6CB00A9A033 /* Debug */,
				D886863C28ECD6CB00A9A033 /* Release */,
			);
			defaultConfigurationIsVisible = 0;
			defaultConfigurationName = Release;
		};
		D886863D28ECD6CB00A9A033 /* Build configuration list for PBXNativeTarget "PhotosPicker_SwiftUIUITests" */ = {
			isa = XCConfigurationList;
			buildConfigurations = (
				D886863E28ECD6CB00A9A033 /* Debug */,
				D886863F28ECD6CB00A9A033 /* Release */,
			);
			defaultConfigurationIsVisible = 0;
			defaultConfigurationName = Release;
		};
/* End XCConfigurationList section */
	};
	rootObject = D886860B28ECD6C800A9A033 /* Project object */;
}
